Microsoft Visual Studio Solution File, Format Version 12.00
# Visual Studio Version 17
VisualStudioVersion = 17.5.2.0
MinimumVisualStudioVersion = 10.0.40219.1
Project("{2150E333-8FDC-42A3-9474-1A3956D46DE8}") = "v1.6", "v1.6", "{E48BF40C-E767-34BB-A113-F701BF14E056}"
EndProject
Project("{FAE04EC0-301F-11D3-BF4B-00C04F79EFBC}") = "ConfigurableWorkSpeed", "v1.6\Source\ConfigurableWorkSpeed.csproj", "{231C1948-B7AD-01DA-390D-EB716ADBCB44}"
EndProject
Global
	GlobalSection(SolutionConfigurationPlatforms) = preSolution
		Debug|Any CPU = Debug|Any CPU
		Release|Any CPU = Release|Any CPU
	EndGlobalSection
	GlobalSection(ProjectConfigurationPlatforms) = postSolution
		{231C1948-B7AD-01DA-390D-EB716ADBCB44}.Debug|Any CPU.ActiveCfg = Debug|Any CPU
		{231C1948-B7AD-01DA-390D-EB716ADBCB44}.Debug|Any CPU.Build.0 = Debug|Any CPU
		{231C1948-B7AD-01DA-390D-EB716ADBCB44}.Release|Any CPU.ActiveCfg = Release|Any CPU
		{231C1948-B7AD-01DA-390D-EB716ADBCB44}.Release|Any CPU.Build.0 = Release|Any CPU
	EndGlobalSection
	GlobalSection(SolutionProperties) = preSolution
		HideSolutionNode = FALSE
	EndGlobalSection
	GlobalSection(NestedProjects) = preSolution
		{231C1948-B7AD-01DA-390D-EB716ADBCB44} = {E48BF40C-E767-34BB-A113-F701BF14E056}
	EndGlobalSection
	GlobalSection(ExtensibilityGlobals) = postSolution
		SolutionGuid = {F3503077-3279-4D86-AAFD-8E2196C1110E}
	EndGlobalSection
EndGlobal
